
Microsoft Visual Studio Solution File, Format Version 12.00
# Visual Studio 15
Project("{FAE04EC0-301F-11D3-BF4B-00C04F79EFBC}") = "Assembly-CSharp", "Assembly-CSharp.csproj", "{79958CAC-4E57-649A-8696-D74B78D06F4F}"
EndProject
Project("{FAE04EC0-301F-11D3-BF4B-00C04F79EFBC}") = "SimpleInput.Runtime", "SimpleInput.Runtime.csproj", "{6C5F912C-73B7-35B7-60DC-1A3ED19B85E3}"
EndProject
Project("{FAE04EC0-301F-11D3-BF4B-00C04F79EFBC}") = "SimpleInput.Editor", "SimpleInput.Editor.csproj", "{69D3D15A-8563-E84D-AE32-350496FDC8A5}"
EndProject
Global
	GlobalSection(SolutionConfigurationPlatforms) = preSolution
		Debug|Any CPU = Debug|Any CPU
		Release|Any CPU = Release|Any CPU
	EndGlobalSection
	GlobalSection(ProjectConfigurationPlatforms) = postSolution
		{79958CAC-4E57-649A-8696-D74B78D06F4F}.Debug|Any CPU.ActiveCfg = Debug|Any CPU
		{79958CAC-4E57-649A-8696-D74B78D06F4F}.Debug|Any CPU.Build.0 = Debug|Any CPU
		{79958CAC-4E57-649A-8696-D74B78D06F4F}.Release|Any CPU.ActiveCfg = Release|Any CPU
		{79958CAC-4E57-649A-8696-D74B78D06F4F}.Release|Any CPU.Build.0 = Release|Any CPU
		{6C5F912C-73B7-35B7-60DC-1A3ED19B85E3}.Debug|Any CPU.ActiveCfg = Debug|Any CPU
		{6C5F912C-73B7-35B7-60DC-1A3ED19B85E3}.Debug|Any CPU.Build.0 = Debug|Any CPU
		{6C5F912C-73B7-35B7-60DC-1A3ED19B85E3}.Release|Any CPU.ActiveCfg = Release|Any CPU
		{6C5F912C-73B7-35B7-60DC-1A3ED19B85E3}.Release|Any CPU.Build.0 = Release|Any CPU
		{69D3D15A-8563-E84D-AE32-350496FDC8A5}.Debug|Any CPU.ActiveCfg = Debug|Any CPU
		{69D3D15A-8563-E84D-AE32-350496FDC8A5}.Debug|Any CPU.Build.0 = Debug|Any CPU
		{69D3D15A-8563-E84D-AE32-350496FDC8A5}.Release|Any CPU.ActiveCfg = Release|Any CPU
		{69D3D15A-8563-E84D-AE32-350496FDC8A5}.Release|Any CPU.Build.0 = Release|Any CPU
	EndGlobalSection
	GlobalSection(SolutionProperties) = preSolution
		HideSolutionNode = FALSE
	EndGlobalSection
EndGlobal
